// !$*UTF8*$!
{
	archiveVersion = 1;
	classes = {
	};
	objectVersion = 46;
	objects = {

/* Begin PBXBuildFile section */
		D14F830B1BF498CC008385D6 /* JavaScriptCore.framework in Frameworks */ = {isa = PBXBuildFile; fileRef = D14F830A1BF498CC008385D6 /* JavaScriptCore.framework */; };
		D16E73461BB9223E00BA15AB /* main.m in Sources */ = {isa = PBXBuildFile; fileRef = D16E73451BB9223E00BA15AB /* main.m */; };
		D16E73491BB9223E00BA15AB /* AppDelegate.m in Sources */ = {isa = PBXBuildFile; fileRef = D16E73481BB9223E00BA15AB /* AppDelegate.m */; };
		D16E734C1BB9223E00BA15AB /* ViewController.m in Sources */ = {isa = PBXBuildFile; fileRef = D16E734B1BB9223E00BA15AB /* ViewController.m */; };
		D16E734F1BB9223E00BA15AB /* Main.storyboard in Resources */ = {isa = PBXBuildFile; fileRef = D16E734D1BB9223E00BA15AB /* Main.storyboard */; };
		D16E73511BB9223E00BA15AB /* Images.xcassets in Resources */ = {isa = PBXBuildFile; fileRef = D16E73501BB9223E00BA15AB /* Images.xcassets */; };
		D16E73541BB9223E00BA15AB /* LaunchScreen.xib in Resources */ = {isa = PBXBuildFile; fileRef = D16E73521BB9223E00BA15AB /* LaunchScreen.xib */; };
		D16E73601BB9223E00BA15AB /* ZLFJSPatchDemoTests.m in Sources */ = {isa = PBXBuildFile; fileRef = D16E735F1BB9223E00BA15AB /* ZLFJSPatchDemoTests.m */; };
		D16E73731BB92AEB00BA15AB /* JPEngine.m in Sources */ = {isa = PBXBuildFile; fileRef = D16E73711BB92AEB00BA15AB /* JPEngine.m */; };
		D16E73741BB92AEB00BA15AB /* JSPatch.js in Resources */ = {isa = PBXBuildFile; fileRef = D16E73721BB92AEB00BA15AB /* JSPatch.js */; };
		D16E73761BB92DD100BA15AB /* demo.js in Resources */ = {isa = PBXBuildFile; fileRef = D16E73751BB92DD100BA15AB /* demo.js */; };
		D16E73791BB93B8D00BA15AB /* MainTableViewController.m in Sources */ = {isa = PBXBuildFile; fileRef = D16E73781BB93B8D00BA15AB /* MainTableViewController.m */; };
		D16E737C1BB940F000BA15AB /* ReplaceFunctionCaseController.m in Sources */ = {isa = PBXBuildFile; fileRef = D16E737B1BB940F000BA15AB /* ReplaceFunctionCaseController.m */; };
		D16E73821BB947DF00BA15AB /* NewFunctionController.m in Sources */ = {isa = PBXBuildFile; fileRef = D16E73811BB947DF00BA15AB /* NewFunctionController.m */; };
/* End PBXBuildFile section */

/* Begin PBXContainerItemProxy section */
		D16E735A1BB9223E00BA15AB /* PBXContainerItemProxy */ = {
			isa = PBXContainerItemProxy;
			containerPortal = D16E73381BB9223E00BA15AB /* Project object */;
			proxyType = 1;
			remoteGlobalIDString = D16E733F1BB9223E00BA15AB;
			remoteInfo = ZLFJSPatchDemo;
		};
/* End PBXContainerItemProxy section */

/* Begin PBXFileReference section */
		D14F830A1BF498CC008385D6 /* JavaScriptCore.framework */ = {isa = PBXFileReference; lastKnownFileType = wrapper.framework; name = JavaScriptCore.framework; path = Platforms/iPhoneOS.platform/Developer/SDKs/iPhoneOS.sdk/System/Library/Frameworks/JavaScriptCore.framework; sourceTree = DEVELOPER_DIR; };
		D16E73401BB9223E00BA15AB /* ZLFJSPatchDemo.app */ = {isa = PBXFileReference; explicitFileType = wrapper.application; includeInIndex = 0; path = ZLFJSPatchDemo.app; sourceTree = BUILT_PRODUCTS_DIR; };
		D16E73441BB9223E00BA15AB /* Info.plist */ = {isa = PBXFileReference; lastKnownFileType = text.plist.xml; path = Info.plist; sourceTree = "<group>"; };
		D16E73451BB9223E00BA15AB /* main.m */ = {isa = PBXFileReference; lastKnownFileType = sourcecode.c.objc; path = main.m; sourceTree = "<group>"; };
		D16E73471BB9223E00BA15AB /* AppDelegate.h */ = {isa = PBXFileReference; lastKnownFileType = sourcecode.c.h; path = AppDelegate.h; sourceTree = "<group>"; };
		D16E73481BB9223E00BA15AB /* AppDelegate.m */ = {isa = PBXFileReference; lastKnownFileType = sourcecode.c.objc; path = AppDelegate.m; sourceTree = "<group>"; };
		D16E734A1BB9223E00BA15AB /* ViewController.h */ = {isa = PBXFileReference; lastKnownFileType = sourcecode.c.h; path = ViewController.h; sourceTree = "<group>"; };
		D16E734B1BB9223E00BA15AB /* ViewController.m */ = {isa = PBXFileReference; lastKnownFileType = sourcecode.c.objc; path = ViewController.m; sourceTree = "<group>"; };
		D16E734E1BB9223E00BA15AB /* Base */ = {isa = PBXFileReference; lastKnownFileType = file.storyboard; name = Base; path = Base.lproj/Main.storyboard; sourceTree = "<group>"; };
		D16E73501BB9223E00BA15AB /* Images.xcassets */ = {isa = PBXFileReference; lastKnownFileType = folder.assetcatalog; path = Images.xcassets; sourceTree = "<group>"; };
		D16E73531BB9223E00BA15AB /* Base */ = {isa = PBXFileReference; lastKnownFileType = file.xib; name = Base; path = Base.lproj/LaunchScreen.xib; sourceTree = "<group>"; };
		D16E73591BB9223E00BA15AB /* ZLFJSPatchDemoTests.xctest */ = {isa = PBXFileReference; explicitFileType = wrapper.cfbundle; includeInIndex = 0; path = ZLFJSPatchDemoTests.xctest; sourceTree = BUILT_PRODUCTS_DIR; };
		D16E735E1BB9223E00BA15AB /* Info.plist */ = {isa = PBXFileReference; lastKnownFileType = text.plist.xml; path = Info.plist; sourceTree = "<group>"; };
		D16E735F1BB9223E00BA15AB /* ZLFJSPatchDemoTests.m */ = {isa = PBXFileReference; lastKnownFileType = sourcecode.c.objc; path = ZLFJSPatchDemoTests.m; sourceTree = "<group>"; };
		D16E73701BB92AEB00BA15AB /* JPEngine.h */ = {isa = PBXFileReference; fileEncoding = 4; lastKnownFileType = sourcecode.c.h; path = JPEngine.h; sourceTree = "<group>"; };
		D16E73711BB92AEB00BA15AB /* JPEngine.m */ = {isa = PBXFileReference; fileEncoding = 4; lastKnownFileType = sourcecode.c.objc; path = JPEngine.m; sourceTree = "<group>"; };
		D16E73721BB92AEB00BA15AB /* JSPatch.js */ = {isa = PBXFileReference; fileEncoding = 4; lastKnownFileType = sourcecode.javascript; path = JSPatch.js; sourceTree = "<group>"; };
		D16E73751BB92DD100BA15AB /* demo.js */ = {isa = PBXFileReference; fileEncoding = 4; lastKnownFileType = sourcecode.javascript; path = demo.js; sourceTree = "<group>"; };
		D16E73771BB93B8D00BA15AB /* MainTableViewController.h */ = {isa = PBXFileReference; fileEncoding = 4; lastKnownFileType = sourcecode.c.h; path = MainTableViewController.h; sourceTree = "<group>"; };
		D16E73781BB93B8D00BA15AB /* MainTableViewController.m */ = {isa = PBXFileReference; fileEncoding = 4; lastKnownFileType = sourcecode.c.objc; path = MainTableViewController.m; sourceTree = "<group>"; };
		D16E737A1BB940F000BA15AB /* ReplaceFunctionCaseController.h */ = {isa = PBXFileReference; fileEncoding = 4; lastKnownFileType = sourcecode.c.h; path = ReplaceFunctionCaseController.h; sourceTree = "<group>"; };
		D16E737B1BB940F000BA15AB /* ReplaceFunctionCaseController.m */ = {isa = PBXFileReference; fileEncoding = 4; lastKnownFileType = sourcecode.c.objc; path = ReplaceFunctionCaseController.m; sourceTree = "<group>"; };
		D16E73801BB947DF00BA15AB /* NewFunctionController.h */ = {isa = PBXFileReference; fileEncoding = 4; lastKnownFileType = sourcecode.c.h; path = NewFunctionController.h; sourceTree = "<group>"; };
		D16E73811BB947DF00BA15AB /* NewFunctionController.m */ = {isa = PBXFileReference; fileEncoding = 4; lastKnownFileType = sourcecode.c.objc; path = NewFunctionController.m; sourceTree = "<group>"; };
/* End PBXFileReference section */

/* Begin PBXFrameworksBuildPhase section */
		D16E733D1BB9223E00BA15AB /* Frameworks */ = {
			isa = PBXFrameworksBuildPhase;
			buildActionMask = 2147483647;
			files = (
				D14F830B1BF498CC008385D6 /* JavaScriptCore.framework in Frameworks */,
			);
			runOnlyForDeploymentPostprocessing = 0;
		};
		D16E73561BB9223E00BA15AB /* Frameworks */ = {
			isa = PBXFrameworksBuildPhase;
			buildActionMask = 2147483647;
			files = (
			);
			runOnlyForDeploymentPostprocessing = 0;
		};
/* End PBXFrameworksBuildPhase section */

/* Begin PBXGroup section */
		D16E73371BB9223E00BA15AB = {
			isa = PBXGroup;
			children = (
				D14F830A1BF498CC008385D6 /* JavaScriptCore.framework */,
				D16E73421BB9223E00BA15AB /* ZLFJSPatchDemo */,
				D16E735C1BB9223E00BA15AB /* ZLFJSPatchDemoTests */,
				D16E73411BB9223E00BA15AB /* Products */,
			);
			sourceTree = "<group>";
		};
		D16E73411BB9223E00BA15AB /* Products */ = {
			isa = PBXGroup;
			children = (
				D16E73401BB9223E00BA15AB /* ZLFJSPatchDemo.app */,
				D16E73591BB9223E00BA15AB /* ZLFJSPatchDemoTests.xctest */,
			);
			name = Products;
			sourceTree = "<group>";
		};
		D16E73421BB9223E00BA15AB /* ZLFJSPatchDemo */ = {
			isa = PBXGroup;
			children = (
				D16E736F1BB92AEB00BA15AB /* JSPatch */,
				D16E73751BB92DD100BA15AB /* demo.js */,
				D16E73471BB9223E00BA15AB /* AppDelegate.h */,
				D16E73481BB9223E00BA15AB /* AppDelegate.m */,
				D16E734A1BB9223E00BA15AB /* ViewController.h */,
				D16E734B1BB9223E00BA15AB /* ViewController.m */,
				D16E734D1BB9223E00BA15AB /* Main.storyboard */,
				D16E73501BB9223E00BA15AB /* Images.xcassets */,
				D16E73521BB9223E00BA15AB /* LaunchScreen.xib */,
				D16E73431BB9223E00BA15AB /* Supporting Files */,
				D16E73771BB93B8D00BA15AB /* MainTableViewController.h */,
				D16E73781BB93B8D00BA15AB /* MainTableViewController.m */,
				D16E737A1BB940F000BA15AB /* ReplaceFunctionCaseController.h */,
				D16E737B1BB940F000BA15AB /* ReplaceFunctionCaseController.m */,
				D16E73801BB947DF00BA15AB /* NewFunctionController.h */,
				D16E73811BB947DF00BA15AB /* NewFunctionController.m */,
			);
			path = ZLFJSPatchDemo;
			sourceTree = "<group>";
		};
		D16E73431BB9223E00BA15AB /* Supporting Files */ = {
			isa = PBXGroup;
			children = (
				D16E73441BB9223E00BA15AB /* Info.plist */,
				D16E73451BB9223E00BA15AB /* main.m */,
			);
			name = "Supporting Files";
			sourceTree = "<group>";
		};
		D16E735C1BB9223E00BA15AB /* ZLFJSPatchDemoTests */ = {
			isa = PBXGroup;
			children = (
				D16E735F1BB9223E00BA15AB /* ZLFJSPatchDemoTests.m */,
				D16E735D1BB9223E00BA15AB /* Supporting Files */,
			);
			path = ZLFJSPatchDemoTests;
			sourceTree = "<group>";
		};
		D16E735D1BB9223E00BA15AB /* Supporting Files */ = {
			isa = PBXGroup;
			children = (
				D16E735E1BB9223E00BA15AB /* Info.plist */,
			);
			name = "Supporting Files";
			sourceTree = "<group>";
		};
		D16E736F1BB92AEB00BA15AB /* JSPatch */ = {
			isa = PBXGroup;
			children = (
				D16E73701BB92AEB00BA15AB /* JPEngine.h */,
				D16E73711BB92AEB00BA15AB /* JPEngine.m */,
				D16E73721BB92AEB00BA15AB /* JSPatch.js */,
			);
			path = JSPatch;
			sourceTree = "<group>";
		};
/* End PBXGroup section */

/* Begin PBXNativeTarget section */
		D16E733F1BB9223E00BA15AB /* ZLFJSPatchDemo */ = {
			isa = PBXNativeTarget;
			buildConfigurationList = D16E73631BB9223E00BA15AB /* Build configuration list for PBXNativeTarget "ZLFJSPatchDemo" */;
			buildPhases = (
				D16E733C1BB9223E00BA15AB /* Sources */,
				D16E733D1BB9223E00BA15AB /* Frameworks */,
				D16E733E1BB9223E00BA15AB /* Resources */,
			);
			buildRules = (
			);
			dependencies = (
			);
			name = ZLFJSPatchDemo;
			productName = ZLFJSPatchDemo;
			productReference = D16E73401BB9223E00BA15AB /* ZLFJSPatchDemo.app */;
			productType = "com.apple.product-type.application";
		};
		D16E73581BB9223E00BA15AB /* ZLFJSPatchDemoTests */ = {
			isa = PBXNativeTarget;
			buildConfigurationList = D16E73661BB9223E00BA15AB /* Build configuration list for PBXNativeTarget "ZLFJSPatchDemoTests" */;
			buildPhases = (
				D16E73551BB9223E00BA15AB /* Sources */,
				D16E73561BB9223E00BA15AB /* Frameworks */,
				D16E73571BB9223E00BA15AB /* Resources */,
			);
			buildRules = (
			);
			dependencies = (
				D16E735B1BB9223E00BA15AB /* PBXTargetDependency */,
			);
			name = ZLFJSPatchDemoTests;
			productName = ZLFJSPatchDemoTests;
			productReference = D16E73591BB9223E00BA15AB /* ZLFJSPatchDemoTests.xctest */;
			productType = "com.apple.product-type.bundle.unit-test";
		};
/* End PBXNativeTarget section */

/* Begin PBXProject section */
		D16E73381BB9223E00BA15AB /* Project object */ = {
			isa = PBXProject;
			attributes = {
				LastUpgradeCheck = 0640;
				ORGANIZATIONNAME = "张林峰";
				TargetAttributes = {
					D16E733F1BB9223E00BA15AB = {
						CreatedOnToolsVersion = 6.4;
					};
					D16E73581BB9223E00BA15AB = {
						CreatedOnToolsVersion = 6.4;
						TestTargetID = D16E733F1BB9223E00BA15AB;
					};
				};
			};
			buildConfigurationList = D16E733B1BB9223E00BA15AB /* Build configuration list for PBXProject "ZLFJSPatchDemo" */;
			compatibilityVersion = "Xcode 3.2";
			developmentRegion = English;
			hasScannedForEncodings = 0;
			knownRegions = (
				en,
				Base,
			);
			mainGroup = D16E73371BB9223E00BA15AB;
			productRefGroup = D16E73411BB9223E00BA15AB /* Products */;
			projectDirPath = "";
			projectRoot = "";
			targets = (
				D16E733F1BB9223E00BA15AB /* ZLFJSPatchDemo */,
				D16E73581BB9223E00BA15AB /* ZLFJSPatchDemoTests */,
			);
		};
/* End PBXProject section */

/* Begin PBXResourcesBuildPhase section */
		D16E733E1BB9223E00BA15AB /* Resources */ = {
			isa = PBXResourcesBuildPhase;
			buildActionMask = 2147483647;
			files = (
				D16E73761BB92DD100BA15AB /* demo.js in Resources */,
				D16E734F1BB9223E00BA15AB /* Main.storyboard in Resources */,
				D16E73541BB9223E00BA15AB /* LaunchScreen.xib in Resources */,
				D16E73741BB92AEB00BA15AB /* JSPatch.js in Resources */,
				D16E73511BB9223E00BA15AB /* Images.xcassets in Resources */,
			);
			runOnlyForDeploymentPostprocessing = 0;
		};
		D16E73571BB9223E00BA15AB /* Resources */ = {
			isa = PBXResourcesBuildPhase;
			buildActionMask = 2147483647;
			files = (
			);
			runOnlyForDeploymentPostprocessing = 0;
		};
/* End PBXResourcesBuildPhase section */

/* Begin PBXSourcesBuildPhase section */
		D16E733C1BB9223E00BA15AB /* Sources */ = {
			isa = PBXSourcesBuildPhase;
			buildActionMask = 2147483647;
			files = (
				D16E734C1BB9223E00BA15AB /* ViewController.m in Sources */,
				D16E73731BB92AEB00BA15AB /* JPEngine.m in Sources */,
				D16E73491BB9223E00BA15AB /* AppDelegate.m in Sources */,
				D16E73791BB93B8D00BA15AB /* MainTableViewController.m in Sources */,
				D16E737C1BB940F000BA15AB /* ReplaceFunctionCaseController.m in Sources */,
				D16E73821BB947DF00BA15AB /* NewFunctionController.m in Sources */,
				D16E73461BB9223E00BA15AB /* main.m in Sources */,
			);
			runOnlyForDeploymentPostprocessing = 0;
		};
		D16E73551BB9223E00BA15AB /* Sources */ = {
			isa = PBXSourcesBuildPhase;
			buildActionMask = 2147483647;
			files = (
				D16E73601BB9223E00BA15AB /* ZLFJSPatchDemoTests.m in Sources */,
			);
			runOnlyForDeploymentPostprocessing = 0;
		};
/* End PBXSourcesBuildPhase section */

/* Begin PBXTargetDependency section */
		D16E735B1BB9223E00BA15AB /* PBXTargetDependency */ = {
			isa = PBXTargetDependency;
			target = D16E733F1BB9223E00BA15AB /* ZLFJSPatchDemo */;
			targetProxy = D16E735A1BB9223E00BA15AB /* PBXContainerItemProxy */;
		};
/* End PBXTargetDependency section */

/* Begin PBXVariantGroup section */
		D16E734D1BB9223E00BA15AB /* Main.storyboard */ = {
			isa = PBXVariantGroup;
			children = (
				D16E734E1BB9223E00BA15AB /* Base */,
			);
			name = Main.storyboard;
			sourceTree = "<group>";
		};
		D16E73521BB9223E00BA15AB /* LaunchScreen.xib */ = {
			isa = PBXVariantGroup;
			children = (
				D16E73531BB9223E00BA15AB /* Base */,
			);
			name = LaunchScreen.xib;
			sourceTree = "<group>";
		};
/* End PBXVariantGroup section */

/* Begin XCBuildConfiguration section */
		D16E73611BB9223E00BA15AB /* Debug */ = {
			isa = XCBuildConfiguration;
			buildSettings = {
				ALWAYS_SEARCH_USER_PATHS = NO;
				CLANG_CXX_LANGUAGE_STANDARD = "gnu++0x";
				CLANG_CXX_LIBRARY = "libc++";
				CLANG_ENABLE_MODULES = YES;
				CLANG_ENABLE_OBJC_ARC = YES;
				CLANG_WARN_BOOL_CONVERSION = YES;
				CLANG_WARN_CONSTANT_CONVERSION = YES;
				CLANG_WARN_DIRECT_OBJC_ISA_USAGE = YES_ERROR;
				CLANG_WARN_EMPTY_BODY = YES;
				CLANG_WARN_ENUM_CONVERSION = YES;
				CLANG_WARN_INT_CONVERSION = YES;
				CLANG_WARN_OBJC_ROOT_CLASS = YES_ERROR;
				CLANG_WARN_UNREACHABLE_CODE = YES;
				CLANG_WARN__DUPLICATE_METHOD_MATCH = YES;
				"CODE_SIGN_IDENTITY[sdk=iphoneos*]" = "iPhone Developer";
				COPY_PHASE_STRIP = NO;
				DEBUG_INFORMATION_FORMAT = "dwarf-with-dsym";
				ENABLE_STRICT_OBJC_MSGSEND = YES;
				GCC_C_LANGUAGE_STANDARD = gnu99;
				GCC_DYNAMIC_NO_PIC = NO;
				GCC_NO_COMMON_BLOCKS = YES;
				GCC_OPTIMIZATION_LEVEL = 0;
				GCC_PREPROCESSOR_DEFINITIONS = (
					"DEBUG=1",
					"$(inherited)",
				);
				GCC_SYMBOLS_PRIVATE_EXTERN = NO;
				GCC_WARN_64_TO_32_BIT_CONVERSION = YES;
				GCC_WARN_ABOUT_RETURN_TYPE = YES_ERROR;
				GCC_WARN_UNDECLARED_SELECTOR = YES;
				GCC_WARN_UNINITIALIZED_AUTOS = YES_AGGRESSIVE;
				GCC_WARN_UNUSED_FUNCTION = YES;
				GCC_WARN_UNUSED_VARIABLE = YES;
				IPHONEOS_DEPLOYMENT_TARGET = 8.1;
				MTL_ENABLE_DEBUG_INFO = YES;
				ONLY_ACTIVE_ARCH = YES;
				SDKROOT = iphoneos;
				TARGETED_DEVICE_FAMILY = "1,2";
			};
			name = Debug;
		};
		D16E73621BB9223E00BA15AB /* Release */ = {
			isa = XCBuildConfiguration;
			buildSettings = {
				ALWAYS_SEARCH_USER_PATHS = NO;
				CLANG_CXX_LANGUAGE_STANDARD = "gnu++0x";
				CLANG_CXX_LIBRARY = "libc++";
				CLANG_ENABLE_MODULES = YES;
				CLANG_ENABLE_OBJC_ARC = YES;
				CLANG_WARN_BOOL_CONVERSION = YES;
				CLANG_WARN_CONSTANT_CONVERSION = YES;
				CLANG_WARN_DIRECT_OBJC_ISA_USAGE = YES_ERROR;
				CLANG_WARN_EMPTY_BODY = YES;
				CLANG_WARN_ENUM_CONVERSION = YES;
				CLANG_WARN_INT_CONVERSION = YES;
				CLANG_WARN_OBJC_ROOT_CLASS = YES_ERROR;
				CLANG_WARN_UNREACHABLE_CODE = YES;
				CLANG_WARN__DUPLICATE_METHOD_MATCH = YES;
				"CODE_SIGN_IDENTITY[sdk=iphoneos*]" = "iPhone Developer";
				COPY_PHASE_STRIP = NO;
				DEBUG_INFORMATION_FORMAT = "dwarf-with-dsym";
				ENABLE_NS_ASSERTIONS = NO;
				ENABLE_STRICT_OBJC_MSGSEND = YES;
				GCC_C_LANGUAGE_STANDARD = gnu99;
				GCC_NO_COMMON_BLOCKS = YES;
				GCC_WARN_64_TO_32_BIT_CONVERSION = YES;
				GCC_WARN_ABOUT_RETURN_TYPE = YES_ERROR;
				GCC_WARN_UNDECLARED_SELECTOR = YES;
				GCC_WARN_UNINITIALIZED_AUTOS = YES_AGGRESSIVE;
				GCC_WARN_UNUSED_FUNCTION = YES;
				GCC_WARN_UNUSED_VARIABLE = YES;
				IPHONEOS_DEPLOYMENT_TARGET = 8.1;
				MTL_ENABLE_DEBUG_INFO = NO;
				SDKROOT = iphoneos;
				TARGETED_DEVICE_FAMILY = "1,2";
				VALIDATE_PRODUCT = YES;
			};
			name = Release;
		};
		D16E73641BB9223E00BA15AB /* Debug */ = {
			isa = XCBuildConfiguration;
			buildSettings = {
				ASSETCATALOG_COMPILER_APPICON_NAME = AppIcon;
				FRAMEWORK_SEARCH_PATHS = (
					"$(inherited)",
					"$(PROJECT_DIR)",
				);
				INFOPLIST_FILE = ZLFJSPatchDemo/Info.plist;
				IPHONEOS_DEPLOYMENT_TARGET = 7.0;
				LD_RUNPATH_SEARCH_PATHS = "$(inherited) @executable_path/Frameworks";
				PRODUCT_NAME = "$(TARGET_NAME)";
			};
			name = Debug;
		};
		D16E73651BB9223E00BA15AB /* Release */ = {
			isa = XCBuildConfiguration;
			buildSettings = {
				ASSETCATALOG_COMPILER_APPICON_NAME = AppIcon;
				FRAMEWORK_SEARCH_PATHS = (
					"$(inherited)",
					"$(PROJECT_DIR)",
				);
				INFOPLIST_FILE = ZLFJSPatchDemo/Info.plist;
				IPHONEOS_DEPLOYMENT_TARGET = 7.0;
				LD_RUNPATH_SEARCH_PATHS = "$(inherited) @executable_path/Frameworks";
				PRODUCT_NAME = "$(TARGET_NAME)";
			};
			name = Release;
		};
		D16E73671BB9223E00BA15AB /* Debug */ = {
			isa = XCBuildConfiguration;
			buildSettings = {
				BUNDLE_LOADER = "$(TEST_HOST)";
				FRAMEWORK_SEARCH_PATHS = (
					"$(SDKROOT)/Developer/Library/Frameworks",
					"$(inherited)",
				);
				GCC_PREPROCESSOR_DEFINITIONS = (
					"DEBUG=1",
					"$(inherited)",
				);
				INFOPLIST_FILE = ZLFJSPatchDemoTests/Info.plist;
				LD_RUNPATH_SEARCH_PATHS = "$(inherited) @executable_path/Frameworks @loader_path/Frameworks";
				PRODUCT_NAME = "$(TARGET_NAME)";
				TEST_HOST = "$(BUILT_PRODUCTS_DIR)/ZLFJSPatchDemo.app/ZLFJSPatchDemo";
			};
			name = Debug;
		};
		D16E73681BB9223E00BA15AB /* Release */ = {
			isa = XCBuildConfiguration;
			buildSettings = {
				BUNDLE_LOADER = "$(TEST_HOST)";
				FRAMEWORK_SEARCH_PATHS = (
					"$(SDKROOT)/Developer/Library/Frameworks",
					"$(inherited)",
				);
				INFOPLIST_FILE = ZLFJSPatchDemoTests/Info.plist;
				LD_RUNPATH_SEARCH_PATHS = "$(inherited) @executable_path/Frameworks @loader_path/Frameworks";
				PRODUCT_NAME = "$(TARGET_NAME)";
				TEST_HOST = "$(BUILT_PRODUCTS_DIR)/ZLFJSPatchDemo.app/ZLFJSPatchDemo";
			};
			name = Release;
		};
/* End XCBuildConfiguration section */

/* Begin XCConfigurationList section */
		D16E733B1BB9223E00BA15AB /* Build configuration list for PBXProject "ZLFJSPatchDemo" */ = {
			isa = XCConfigurationList;
			buildConfigurations = (
				D16E73611BB9223E00BA15AB /* Debug */,
				D16E73621BB9223E00BA15AB /* Release */,
			);
			defaultConfigurationIsVisible = 0;
			defaultConfigurationName = Release;
		};
		D16E73631BB9223E00BA15AB /* Build configuration list for PBXNativeTarget "ZLFJSPatchDemo" */ = {
			isa = XCConfigurationList;
			buildConfigurations = (
				D16E73641BB9223E00BA15AB /* Debug */,
				D16E73651BB9223E00BA15AB /* Release */,
			);
			defaultConfigurationIsVisible = 0;
			defaultConfigurationName = Release;
		};
		D16E73661BB9223E00BA15AB /* Build configuration list for PBXNativeTarget "ZLFJSPatchDemoTests" */ = {
			isa = XCConfigurationList;
			buildConfigurations = (
				D16E73671BB9223E00BA15AB /* Debug */,
				D16E73681BB9223E00BA15AB /* Release */,
			);
			defaultConfigurationIsVisible = 0;
			defaultConfigurationName = Release;
		};
/* End XCConfigurationList section */
	};
	rootObject = D16E73381BB9223E00BA15AB /* Project object */;
}
